{
  "name": "zg-manager",
  "version": "2.0.0",
  "lockfileVersion": 3,
  "requires": true,
  "packages": {
    "": {
      "name": "zg-manager",
      "version": "2.0.0",
      "private": true,
      "dependencies": {
        "next": "14.2.3",
        "react": "18.3.1",
        "react-dom": "18.3.1"
      }
    },
    "node_modules/next": {
      "version": "14.2.3",
      "resolved": "https://registry.npmjs.org/next/-/next-14.2.3.tgz",
      "integrity": "sha512-78vN8Xz40Yp8gkaOeh7H8L9oAnr9o7yRsk4m3A1O8G0Xm0S/lajE6j1Ww0WmsTWhS8jW8wOfg768jZ2G7r1p9Q=="
    },
    "node_modules/react": {
      "version": "18.3.1",
      "resolved": "https://registry.npmjs.org/react/-/react-18.3.1.tgz",
      "integrity": "sha512-wS5u7f6iUfSshv6cbeK90N0YmD16M3pP98m7R7V7L2k3v9f095K1B8P4n3pL9uI5m4bFwZlVpD0K6kX7pL9uI5w=="
    },
    "node_modules/react-dom": {
      "version": "18.3.1",
      "resolved": "https://registry.npmjs.org/react-dom/-/react-dom-18.3.1.tgz",
      "integrity": "sha512-wS5u7f6iUfSshv6cbeK90N0YmD16M3pP98m7R7V7L2k3v9f095K1B8P4n3pL9uI5m4bFwZlVpD0K6kX7pL9uI5w=="
    }
  }
}
