{
  "name": "zg-manager",
  "version": "2.0.0",
  "lockfileVersion": 3,
  "requires": true,
  "packages": {
    "": {
      "name": "zg-manager",
      "version": "2.0.0",
      "private": true,
      "dependencies": {
        "@genkit-ai/google-genai": "^1.37.0",
        "genkit": "^1.37.0",
        "@genkit-ai/next": "^1.37.0",
        "next": "^15.3.8",
        "react": "^19.2.7",
        "react-dom": "^19.2.7"
      }
    }
  }
}
